
Microsoft Visual Studio Solution File, Format Version 12.00
# Visual Studio Version 16
VisualStudioVersion = 16.0.31019.35
MinimumVisualStudioVersion = 10.0.40219.1
Project("{FAE04EC0-301F-11D3-BF4B-00C04F79EFBC}") = "Projekt_Pwir", "Projekt_Pwir\Projekt_Pwir.csproj", "{F49F8BA7-05CA-4BB7-B7D5-17281C1C8ABC}"
EndProject
Global
	GlobalSection(SolutionConfigurationPlatforms) = preSolution
		Debug|Any CPU = Debug|Any CPU
		Release|Any CPU = Release|Any CPU
	EndGlobalSection
	GlobalSection(ProjectConfigurationPlatforms) = postSolution
		{F49F8BA7-05CA-4BB7-B7D5-17281C1C8ABC}.Debug|Any CPU.ActiveCfg = Debug|Any CPU
		{F49F8BA7-05CA-4BB7-B7D5-17281C1C8ABC}.Debug|Any CPU.Build.0 = Debug|Any CPU
		{F49F8BA7-05CA-4BB7-B7D5-17281C1C8ABC}.Release|Any CPU.ActiveCfg = Release|Any CPU
		{F49F8BA7-05CA-4BB7-B7D5-17281C1C8ABC}.Release|Any CPU.Build.0 = Release|Any CPU
	EndGlobalSection
	GlobalSection(SolutionProperties) = preSolution
		HideSolutionNode = FALSE
	EndGlobalSection
	GlobalSection(ExtensibilityGlobals) = postSolution
		SolutionGuid = {DE853C03-B4D4-462D-9438-029CABA4D5A2}
	EndGlobalSection
EndGlobal
